{
  "nodes": {
    "nixpkgs": {
      "locked": {
        "lastModified": 1767313136,
        "narHash": "sha256-16KkgfdYqjaeRGBaYsNrhPRRENs0qzkQVUooNHtoy2w=",
        "owner": "NixOS",
        "repo": "nixpkgs",
        "rev": "ac62194c3917d5f474c1a844b6fd6da2db95077d",
        "type": "github"
      },
      "original": {
        "owner": "NixOS",
        "ref": "nixos-25.05",
        "repo": "nixpkgs",
        "type": "github"
      }
    },
    "quartus-podman": {
      "inputs": {
        "nixpkgs": "nixpkgs"
      },
      "locked": {
        "lastModified": 1774093954,
        "narHash": "sha256-1eWWwrOdjKOSfYTEDeNUX8AZG81Pk2+UOW1W+cwt1bM=",
        "path": "/srv/share/repo/sll/g_sll_infra/g_sll_infra_dev_001/g_ext_tools_qualified/g_altera_quartus_pro_podman/r_src_v23_4_0_79",
        "type": "path"
      },
      "original": {
        "path": "/srv/share/repo/sll/g_sll_infra/g_sll_infra_dev_001/g_ext_tools_qualified/g_altera_quartus_pro_podman/r_src_v23_4_0_79",
        "type": "path"
      }
    },
    "root": {
      "inputs": {
        "nixpkgs": [
          "quartus-podman",
          "nixpkgs"
        ],
        "quartus-podman": "quartus-podman"
      }
    }
  },
  "root": "root",
  "version": 7
}
