{
  "nodes": {
    "flake-utils": {
      "inputs": {
        "systems": "systems"
      },
      "locked": {
        "lastModified": 1731533236,
        "narHash": "sha256-l0KFg5HjrsfsO/JpG+r7fRrqm12kzFHyUHqHCVpMMbI=",
        "owner": "numtide",
        "repo": "flake-utils",
        "rev": "11707dc2f618dd54ca8739b309ec4fc024de578b",
        "type": "github"
      },
      "original": {
        "owner": "numtide",
        "repo": "flake-utils",
        "type": "github"
      }
    },
    "nixpkgs": {
      "locked": {
        "lastModified": 1767313136,
        "narHash": "sha256-16KkgfdYqjaeRGBaYsNrhPRRENs0qzkQVUooNHtoy2w=",
        "owner": "NixOS",
        "repo": "nixpkgs",
        "rev": "ac62194c3917d5f474c1a844b6fd6da2db95077d",
        "type": "github"
      },
      "original": {
        "owner": "NixOS",
        "ref": "nixos-25.05",
        "repo": "nixpkgs",
        "type": "github"
      }
    },
    "nixpkgs_2": {
      "locked": {
        "lastModified": 1772198003,
        "narHash": "sha256-I45esRSssFtJ8p/gLHUZ1OUaaTaVLluNkABkk6arQwE=",
        "owner": "NixOS",
        "repo": "nixpkgs",
        "rev": "dd9b079222d43e1943b6ebd802f04fd959dc8e61",
        "type": "github"
      },
      "original": {
        "owner": "NixOS",
        "ref": "nixos-unstable",
        "repo": "nixpkgs",
        "type": "github"
      }
    },
    "quartus-podman-23-4": {
      "inputs": {
        "nixpkgs": "nixpkgs"
      },
      "locked": {
        "lastModified": 1775997712,
        "narHash": "sha256-Ywfp61tHVyIajZZsry1pvETxbllBdXHZyY0sLbsQe6I=",
        "ref": "refs/heads/master",
        "rev": "448d988f1c0bd19f4f53caa53d1d37c437d3621c",
        "revCount": 2,
        "type": "git",
        "url": "ssh://prv.git.i01.synaptic-labs.com/repo/sll/g_sll_infra/g_sll_infra_dev_001/g_ext_tools_qualified/g_altera_quartus_pro_podman/r_src_v23_4_0_79"
      },
      "original": {
        "type": "git",
        "url": "ssh://prv.git.i01.synaptic-labs.com/repo/sll/g_sll_infra/g_sll_infra_dev_001/g_ext_tools_qualified/g_altera_quartus_pro_podman/r_src_v23_4_0_79"
      }
    },
    "quartus-podman-25-1": {
      "inputs": {
        "nixpkgs": [
          "quartus-podman-23-4",
          "nixpkgs"
        ]
      },
      "locked": {
        "dirtyRev": "92d1cc17299402dab9e37251f4a1da5f333167fb-dirty",
        "dirtyShortRev": "92d1cc1-dirty",
        "lastModified": 1776439419,
        "narHash": "sha256-8F3IJgtQm24+ypilWoBhf2wiXLMbG5iozklapg80/V4=",
        "type": "git",
        "url": "file:///srv/share/repo/sll/g_sll_infra/g_sll_infra_dev_001/g_ext_tools_qualified/g_altera_quartus_pro_podman/r_src_v25_1_1_125"
      },
      "original": {
        "type": "git",
        "url": "file:///srv/share/repo/sll/g_sll_infra/g_sll_infra_dev_001/g_ext_tools_qualified/g_altera_quartus_pro_podman/r_src_v25_1_1_125"
      }
    },
    "root": {
      "inputs": {
        "nixpkgs": [
          "quartus-podman-23-4",
          "nixpkgs"
        ],
        "quartus-podman-23-4": "quartus-podman-23-4",
        "quartus-podman-25-1": "quartus-podman-25-1",
        "verilator-certified": "verilator-certified"
      }
    },
    "systems": {
      "locked": {
        "lastModified": 1681028828,
        "narHash": "sha256-Vy1rq5AaRuLzOxct8nz4T6wlgyUR7zLU309k9mBC768=",
        "owner": "nix-systems",
        "repo": "default",
        "rev": "da67096a3b9bf56a91d16901293e51ba5b49a27e",
        "type": "github"
      },
      "original": {
        "owner": "nix-systems",
        "repo": "default",
        "type": "github"
      }
    },
    "verilator-certified": {
      "inputs": {
        "flake-utils": "flake-utils",
        "nixpkgs": "nixpkgs_2"
      },
      "locked": {
        "lastModified": 1774096854,
        "narHash": "sha256-LVItpK6ms+6vb1dCZqMXYG2p30XGc/q8iAjX03EOpCo=",
        "ref": "refs/heads/main",
        "rev": "f1d602ad35929aa583b37cb1d4cc1413c9f5d572",
        "revCount": 11,
        "type": "git",
        "url": "ssh://prv.git.i01.synaptic-labs.com/repo/sll/g_sll_infra/g_sll_infra_dev_001/g_ext_tools_qualified/g_verilator/r_v5_044"
      },
      "original": {
        "type": "git",
        "url": "ssh://prv.git.i01.synaptic-labs.com/repo/sll/g_sll_infra/g_sll_infra_dev_001/g_ext_tools_qualified/g_verilator/r_v5_044"
      }
    }
  },
  "root": "root",
  "version": 7
}
